
Microsoft Visual Studio Solution File, Format Version 12.00
# Visual Studio Version 16
VisualStudioVersion = 16.0.32228.343
MinimumVisualStudioVersion = 10.0.40219.1
Project("{8BC9CEB8-8B4A-11D0-8D11-00A0C91BC942}") = "序列整数去重", "序列整数去重.vcxproj", "{1DD242E5-D891-4F6C-8AEF-B51459196A75}"
EndProject
Global
	GlobalSection(SolutionConfigurationPlatforms) = preSolution
		Debug|x64 = Debug|x64
		Debug|x86 = Debug|x86
		Release|x64 = Release|x64
		Release|x86 = Release|x86
	EndGlobalSection
	GlobalSection(ProjectConfigurationPlatforms) = postSolution
		{1DD242E5-D891-4F6C-8AEF-B51459196A75}.Debug|x64.ActiveCfg = Debug|x64
		{1DD242E5-D891-4F6C-8AEF-B51459196A75}.Debug|x64.Build.0 = Debug|x64
		{1DD242E5-D891-4F6C-8AEF-B51459196A75}.Debug|x86.ActiveCfg = Debug|Win32
		{1DD242E5-D891-4F6C-8AEF-B51459196A75}.Debug|x86.Build.0 = Debug|Win32
		{1DD242E5-D891-4F6C-8AEF-B51459196A75}.Release|x64.ActiveCfg = Release|x64
		{1DD242E5-D891-4F6C-8AEF-B51459196A75}.Release|x64.Build.0 = Release|x64
		{1DD242E5-D891-4F6C-8AEF-B51459196A75}.Release|x86.ActiveCfg = Release|Win32
		{1DD242E5-D891-4F6C-8AEF-B51459196A75}.Release|x86.Build.0 = Release|Win32
	EndGlobalSection
	GlobalSection(SolutionProperties) = preSolution
		HideSolutionNode = FALSE
	EndGlobalSection
	GlobalSection(ExtensibilityGlobals) = postSolution
		SolutionGuid = {4C2B1914-2993-4ECD-B4C0-91B906DDF569}
	EndGlobalSection
EndGlobal
